
Microsoft Visual Studio Solution File, Format Version 12.00
# Visual Studio Version 17
VisualStudioVersion = 17.5.33530.505
MinimumVisualStudioVersion = 10.0.40219.1
Project("{FAE04EC0-301F-11D3-BF4B-00C04F79EFBC}") = "MVCFilmes", "MVCFilmes\MVCFilmes.csproj", "{234F5DE7-549F-4172-B98C-BD7DBB9CD4CD}"
EndProject
Global
	GlobalSection(SolutionConfigurationPlatforms) = preSolution
		Debug|Any CPU = Debug|Any CPU
		Release|Any CPU = Release|Any CPU
	EndGlobalSection
	GlobalSection(ProjectConfigurationPlatforms) = postSolution
		{234F5DE7-549F-4172-B98C-BD7DBB9CD4CD}.Debug|Any CPU.ActiveCfg = Debug|Any CPU
		{234F5DE7-549F-4172-B98C-BD7DBB9CD4CD}.Debug|Any CPU.Build.0 = Debug|Any CPU
		{234F5DE7-549F-4172-B98C-BD7DBB9CD4CD}.Release|Any CPU.ActiveCfg = Release|Any CPU
		{234F5DE7-549F-4172-B98C-BD7DBB9CD4CD}.Release|Any CPU.Build.0 = Release|Any CPU
	EndGlobalSection
	GlobalSection(SolutionProperties) = preSolution
		HideSolutionNode = FALSE
	EndGlobalSection
	GlobalSection(ExtensibilityGlobals) = postSolution
		SolutionGuid = {40E9C848-9787-4479-91A7-674C82376F5D}
	EndGlobalSection
EndGlobal
